PODS:
  - Alamofire (3.2.1)
  - Haneke (1.0.2)
  - Keys (1.0.0)
  - Mobile-Buy-SDK (1.2.4)
  - OneSignal (1.11.3)
  - SwiftyJSON (2.3.2)

DEPENDENCIES:
  - Alamofire (~> 3.0)
  - Haneke (~> 1.0)
  - Keys (from `Pods/CocoaPodsKeys`)
  - Mobile-Buy-SDK (~> 1.2.4)
  - OneSignal
  - SwiftyJSON (from `https://github.com/SwiftyJSON/SwiftyJSON.git`)

EXTERNAL SOURCES:
  Keys:
    :path: Pods/CocoaPodsKeys
  SwiftyJSON:
    :git: https://github.com/SwiftyJSON/SwiftyJSON.git

CHECKOUT OPTIONS:
  SwiftyJSON:
    :commit: 2a5b70f06001316d4fb54501edc70b4084705da0
    :git: https://github.com/SwiftyJSON/SwiftyJSON.git

SPEC CHECKSUMS:
  Alamofire: f11d8624a05f5d39e0c99309b3e600a3ba64298a
  Haneke: 01454a67322faa0dd9d81fc0f447885044e71521
  Keys: 7d2ff6ff42f6903358267ce56e9392f83c31acfe
  Mobile-Buy-SDK: a999a38c934d056ad3a00e0225d47df8365d5480
  OneSignal: 309b636ba56955a427fd1d2544ba4dd52e19fce0
  SwiftyJSON: 04ccea08915aa0109039157c7974cf0298da292a

COCOAPODS: 0.39.0
